
Microsoft Visual Studio Solution File, Format Version 12.00
# Visual Studio Version 17
VisualStudioVersion = 17.13.35931.197 d17.13
MinimumVisualStudioVersion = 10.0.40219.1
Project("{FAE04EC0-301F-11D3-BF4B-00C04F79EFBC}") = "Smoking", "Smoking\Smoking.csproj", "{20C69DF3-C42B-4D39-A487-FDE1C54CF114}"
EndProject
Global
	GlobalSection(SolutionConfigurationPlatforms) = preSolution
		Debug|Any CPU = Debug|Any CPU
		Release|Any CPU = Release|Any CPU
	EndGlobalSection
	GlobalSection(ProjectConfigurationPlatforms) = postSolution
		{20C69DF3-C42B-4D39-A487-FDE1C54CF114}.Debug|Any CPU.ActiveCfg = Debug|Any CPU
		{20C69DF3-C42B-4D39-A487-FDE1C54CF114}.Debug|Any CPU.Build.0 = Debug|Any CPU
		{20C69DF3-C42B-4D39-A487-FDE1C54CF114}.Release|Any CPU.ActiveCfg = Release|Any CPU
		{20C69DF3-C42B-4D39-A487-FDE1C54CF114}.Release|Any CPU.Build.0 = Release|Any CPU
	EndGlobalSection
	GlobalSection(SolutionProperties) = preSolution
		HideSolutionNode = FALSE
	EndGlobalSection
	GlobalSection(ExtensibilityGlobals) = postSolution
		SolutionGuid = {4C5B7E9B-F51D-40CE-AA40-70171B3D7686}
	EndGlobalSection
EndGlobal
